
Microsoft Visual Studio Solution File, Format Version 12.00
# Visual Studio Version 17
VisualStudioVersion = 17.10.35122.118
MinimumVisualStudioVersion = 10.0.40219.1
Project("{2150E333-8FDC-42A3-9474-1A3956D46DE8}") = "S - Single Responsibility Principle (SRP)", "S - Single Responsibility Principle (SRP)", "{82B06E47-DBA9-4FE2-A7BD-D8EA4E898851}"
EndProject
Project("{9A19103F-16F7-4668-BE54-9A1E7A4F7556}") = "SRP_Fatura", "SRP\SRP_Fatura.csproj", "{C540C0BF-28D5-424B-A4DC-B4ED896B5B60}"
EndProject
Project("{9A19103F-16F7-4668-BE54-9A1E7A4F7556}") = "SRP_Fatura.Api", "SRP_Fatura.Api\SRP_Fatura.Api.csproj", "{8E7A70C8-42F8-4CAF-ABB1-EBB993AAB061}"
EndProject
Global
	GlobalSection(SolutionConfigurationPlatforms) = preSolution
		Debug|Any CPU = Debug|Any CPU
		Release|Any CPU = Release|Any CPU
	EndGlobalSection
	GlobalSection(ProjectConfigurationPlatforms) = postSolution
		{C540C0BF-28D5-424B-A4DC-B4ED896B5B60}.Debug|Any CPU.ActiveCfg = Debug|Any CPU
		{C540C0BF-28D5-424B-A4DC-B4ED896B5B60}.Debug|Any CPU.Build.0 = Debug|Any CPU
		{C540C0BF-28D5-424B-A4DC-B4ED896B5B60}.Release|Any CPU.ActiveCfg = Release|Any CPU
		{C540C0BF-28D5-424B-A4DC-B4ED896B5B60}.Release|Any CPU.Build.0 = Release|Any CPU
		{8E7A70C8-42F8-4CAF-ABB1-EBB993AAB061}.Debug|Any CPU.ActiveCfg = Debug|Any CPU
		{8E7A70C8-42F8-4CAF-ABB1-EBB993AAB061}.Debug|Any CPU.Build.0 = Debug|Any CPU
		{8E7A70C8-42F8-4CAF-ABB1-EBB993AAB061}.Release|Any CPU.ActiveCfg = Release|Any CPU
		{8E7A70C8-42F8-4CAF-ABB1-EBB993AAB061}.Release|Any CPU.Build.0 = Release|Any CPU
	EndGlobalSection
	GlobalSection(SolutionProperties) = preSolution
		HideSolutionNode = FALSE
	EndGlobalSection
	GlobalSection(NestedProjects) = preSolution
		{C540C0BF-28D5-424B-A4DC-B4ED896B5B60} = {82B06E47-DBA9-4FE2-A7BD-D8EA4E898851}
		{8E7A70C8-42F8-4CAF-ABB1-EBB993AAB061} = {82B06E47-DBA9-4FE2-A7BD-D8EA4E898851}
	EndGlobalSection
	GlobalSection(ExtensibilityGlobals) = postSolution
		SolutionGuid = {3ABEE593-8C1B-4CD5-B4EE-18649E80A909}
	EndGlobalSection
EndGlobal
